
Microsoft Visual Studio Solution File, Format Version 12.00
# Visual Studio Version 17
VisualStudioVersion = 17.4.33213.308
MinimumVisualStudioVersion = 10.0.40219.1
Project("{FAE04EC0-301F-11D3-BF4B-00C04F79EFBC}") = "ShopDungCuTheThao", "ShopDungCuTheThao\ShopDungCuTheThao.csproj", "{6CDE937A-E983-4EFF-B1F1-F4CFB26452DA}"
EndProject
Global
	GlobalSection(SolutionConfigurationPlatforms) = preSolution
		Debug|Any CPU = Debug|Any CPU
		Release|Any CPU = Release|Any CPU
	EndGlobalSection
	GlobalSection(ProjectConfigurationPlatforms) = postSolution
		{6CDE937A-E983-4EFF-B1F1-F4CFB26452DA}.Debug|Any CPU.ActiveCfg = Debug|Any CPU
		{6CDE937A-E983-4EFF-B1F1-F4CFB26452DA}.Debug|Any CPU.Build.0 = Debug|Any CPU
		{6CDE937A-E983-4EFF-B1F1-F4CFB26452DA}.Release|Any CPU.ActiveCfg = Release|Any CPU
		{6CDE937A-E983-4EFF-B1F1-F4CFB26452DA}.Release|Any CPU.Build.0 = Release|Any CPU
	EndGlobalSection
	GlobalSection(SolutionProperties) = preSolution
		HideSolutionNode = FALSE
	EndGlobalSection
	GlobalSection(ExtensibilityGlobals) = postSolution
		SolutionGuid = {FACCF670-3334-4C5E-A119-27DF42497418}
	EndGlobalSection
EndGlobal
